
Microsoft Visual Studio Solution File, Format Version 12.00
# Visual Studio Version 17
VisualStudioVersion = 17.4.33103.184
MinimumVisualStudioVersion = 10.0.40219.1
Project("{FAE04EC0-301F-11D3-BF4B-00C04F79EFBC}") = "PrimeNumber", "PrimeNumber\PrimeNumber.csproj", "{71B12D3C-B354-4341-9180-29AD8AF9B3C5}"
EndProject
Global
	GlobalSection(SolutionConfigurationPlatforms) = preSolution
		Debug|Any CPU = Debug|Any CPU
		Release|Any CPU = Release|Any CPU
	EndGlobalSection
	GlobalSection(ProjectConfigurationPlatforms) = postSolution
		{71B12D3C-B354-4341-9180-29AD8AF9B3C5}.Debug|Any CPU.ActiveCfg = Debug|Any CPU
		{71B12D3C-B354-4341-9180-29AD8AF9B3C5}.Debug|Any CPU.Build.0 = Debug|Any CPU
		{71B12D3C-B354-4341-9180-29AD8AF9B3C5}.Release|Any CPU.ActiveCfg = Release|Any CPU
		{71B12D3C-B354-4341-9180-29AD8AF9B3C5}.Release|Any CPU.Build.0 = Release|Any CPU
	EndGlobalSection
	GlobalSection(SolutionProperties) = preSolution
		HideSolutionNode = FALSE
	EndGlobalSection
	GlobalSection(ExtensibilityGlobals) = postSolution
		SolutionGuid = {94FD66C9-418F-44D8-911F-CEC362B2523D}
	EndGlobalSection
EndGlobal
